# Ubuntu 22.04 package candidates observed from the pinned base on 2026-08-07.
bash=5.1-6ubuntu1.1
binutils=2.38-4ubuntu2.12
build-essential=12.9ubuntu3
ca-certificates=20260601~22.04.1
clang=1:14.0-55~exp2
cmake=3.22.1-1ubuntu1.22.04.2
curl=7.81.0-1ubuntu1.25
file=1:5.41-3ubuntu0.1
g++=4:11.2.0-1ubuntu1
gcc=4:11.2.0-1ubuntu1
gdb=12.1-0ubuntu1~22.04.2
git=1:2.34.1-1ubuntu1.17
jq=1.6-2.1ubuntu3.2
libgmp-dev=2:6.2.1+dfsg-3ubuntu1
libntl-dev=11.5.1-1
libomp-dev=1:14.0-55~exp2
libprotobuf-dev=3.12.4-1ubuntu7.22.04.6
libssl-dev=3.0.2-0ubuntu1.26
libtool=2.4.6-15build2
ninja-build=1.10.1-1
nlohmann-json3-dev=3.10.5-2
openssh-server=1:8.9p1-3ubuntu0.16
pkg-config=0.29.2-1ubuntu3
protobuf-compiler=3.12.4-1ubuntu7.22.04.6
pybind11-dev=2.9.1-2
python3=3.10.6-1~22.04.1
python3-dev=3.10.6-1~22.04.1
python3-pip=22.0.2+dfsg-1ubuntu0.7
python3-setuptools=59.6.0-1.2ubuntu0.22.04.3
python3-venv=3.10.6-1~22.04.1
python3-wheel=0.37.1-2ubuntu0.22.04.1
ripgrep=13.0.0-2ubuntu0.1
time=1.9-0.1build2
util-linux=2.37.2-4ubuntu3.5
wget=1.21.2-2ubuntu1.4
zlib1g-dev=1:1.2.11.dfsg-2ubuntu9.2
